version: 1.0
shards:
  db:
    github: crystal-lang/crystal-db
    version: 0.4.0

  kemal:
    github: kemalcr/kemal
    version: 0.18.3

  kemal-session:
    github: kemalcr/kemal-session
    commit: ba901eaae84aa6b9b15d1d25253e38c95e99dc8a

  kilt:
    github: jeromegn/kilt
    version: 0.3.3

  micrate:
    github: juanedi/micrate
    version: 0.3.0

  radix:
    github: luislavena/radix
    version: 0.3.8

  spec-kemal:
    github: kemalcr/spec-kemal
    version: 0.4.0

  sqlite3:
    github: crystal-lang/crystal-sqlite3
    version: 0.8.2

