version: 1.0
shards:
  db:
    github: crystal-lang/crystal-db
    version: 0.3.3

  kemal:
    github: kemalcr/kemal
    commit: 9607083e595e8eb4954fe3c3819694e913eeaf05

  kemal-session:
    github: kemalcr/kemal-session
    commit: aa3b9fc9c195f4ea16214f2026cdf5a22d9216a6

  kilt:
    github: jeromegn/kilt
    version: 0.3.3

  micrate:
    github: juanedi/micrate
    version: 0.3.0

  multipart:
    github: RX14/multipart.cr
    version: 0.1.2

  radix:
    github: luislavena/radix
    version: 0.3.7

  spec-kemal:
    github: kemalcr/spec-kemal
    commit: 05cc810f5f5ed890f16bcb06461000b97c625959

  sqlite3:
    github: crystal-lang/crystal-sqlite3
    version: 0.8.1

