# THIS IS AN AUTOGENERATED FILE. DO NOT EDIT THIS FILE DIRECTLY.
# yarn lockfile v1


bootstrap@^4.4.1:
  version "4.4.1"
  resolved "https://registry.yarnpkg.com/bootstrap/-/bootstrap-4.4.1.tgz#8582960eea0c5cd2bede84d8b0baf3789c3e8b01"
  integrity sha512-tbx5cHubwE6e2ZG7nqM3g/FZ5PQEDMWmMGNrCUBVRPHXTJaH7CBDdsLeu3eCh3B1tzAxTnAbtmrzvWEvT2NNEA==

typescript@^3.9.2:
  version "3.9.2"
  resolved "https://registry.yarnpkg.com/typescript/-/typescript-3.9.2.tgz#64e9c8e9be6ea583c54607677dd4680a1cf35db9"
  integrity sha512-q2ktq4n/uLuNNShyayit+DTobV2ApPEo/6so68JaD5ojvc/6GClBipedB9zNWYxRSAlZXAe405Rlijzl6qDiSw==
